
Microsoft Visual Studio Solution File, Format Version 12.00
# Visual Studio Version 16
VisualStudioVersion = 16.0.28803.452
MinimumVisualStudioVersion = 10.0.40219.1
Project("{9A19103F-16F7-4668-BE54-9A1E7A4F7556}") = "TomsResumeCore", "TomsResumeCore\TomsResumeCore.csproj", "{C453E6A7-97CF-4670-A1A2-53DF169A8516}"
EndProject
Global
	GlobalSection(SolutionConfigurationPlatforms) = preSolution
		Debug|Any CPU = Debug|Any CPU
		Release|Any CPU = Release|Any CPU
	EndGlobalSection
	GlobalSection(ProjectConfigurationPlatforms) = postSolution
		{C453E6A7-97CF-4670-A1A2-53DF169A8516}.Debug|Any CPU.ActiveCfg = Debug|Any CPU
		{C453E6A7-97CF-4670-A1A2-53DF169A8516}.Debug|Any CPU.Build.0 = Debug|Any CPU
		{C453E6A7-97CF-4670-A1A2-53DF169A8516}.Release|Any CPU.ActiveCfg = Release|Any CPU
		{C453E6A7-97CF-4670-A1A2-53DF169A8516}.Release|Any CPU.Build.0 = Release|Any CPU
	EndGlobalSection
	GlobalSection(SolutionProperties) = preSolution
		HideSolutionNode = FALSE
	EndGlobalSection
	GlobalSection(ExtensibilityGlobals) = postSolution
		SolutionGuid = {433AE2AA-55C8-49BD-82BE-88B30554695C}
	EndGlobalSection
EndGlobal
